
Microsoft Visual Studio Solution File, Format Version 12.00
# Visual Studio Version 16
VisualStudioVersion = 16.0.32929.386
MinimumVisualStudioVersion = 10.0.40219.1
Project("{FAE04EC0-301F-11D3-BF4B-00C04F79EFBC}") = "Kutuphane-Otomasyon-WinForm", "Kutuphane-Otomasyon-WinForm.csproj", "{019289E1-9C44-4AEF-8C07-14E6B3113789}"
EndProject
Project("{2150E333-8FDC-42A3-9474-1A3956D46DE8}") = "Solution Items", "Solution Items", "{F26D0083-E4B3-44AF-B4B0-4474677F7DED}"
	ProjectSection(SolutionItems) = preProject
		.editorconfig = .editorconfig
	EndProjectSection
EndProject
Global
	GlobalSection(SolutionConfigurationPlatforms) = preSolution
		Debug|Any CPU = Debug|Any CPU
		Release|Any CPU = Release|Any CPU
	EndGlobalSection
	GlobalSection(ProjectConfigurationPlatforms) = postSolution
		{019289E1-9C44-4AEF-8C07-14E6B3113789}.Debug|Any CPU.ActiveCfg = Debug|Any CPU
		{019289E1-9C44-4AEF-8C07-14E6B3113789}.Debug|Any CPU.Build.0 = Debug|Any CPU
		{019289E1-9C44-4AEF-8C07-14E6B3113789}.Release|Any CPU.ActiveCfg = Release|Any CPU
		{019289E1-9C44-4AEF-8C07-14E6B3113789}.Release|Any CPU.Build.0 = Release|Any CPU
	EndGlobalSection
	GlobalSection(SolutionProperties) = preSolution
		HideSolutionNode = FALSE
	EndGlobalSection
	GlobalSection(ExtensibilityGlobals) = postSolution
		SolutionGuid = {8D14A0F3-065A-416A-AD8F-C6382F4CDB3C}
	EndGlobalSection
EndGlobal
